
Microsoft Visual Studio Solution File, Format Version 12.00
# Visual Studio Version 16
VisualStudioVersion = 16.0.29806.167
MinimumVisualStudioVersion = 10.0.40219.1
Project("{FAE04EC0-301F-11D3-BF4B-00C04F79EFBC}") = "Modul01", "Modul01\Modul01.csproj", "{714E24B9-C38C-49E7-B2F0-104DAC80FBEF}"
EndProject
Project("{FAE04EC0-301F-11D3-BF4B-00C04F79EFBC}") = "Modul02_Kontrollstrukturen", "Modul02_Kontrollstrukturen\Modul02_Kontrollstrukturen.csproj", "{92C481CE-5660-4ED2-92F6-D68138FC63A0}"
EndProject
Project("{FAE04EC0-301F-11D3-BF4B-00C04F79EFBC}") = "Modul03_Enumeratoren", "Modul03_Enumeratoren\Modul03_Enumeratoren.csproj", "{EF3B125C-889B-48A9-855E-C2FDA107C417}"
EndProject
Project("{FAE04EC0-301F-11D3-BF4B-00C04F79EFBC}") = "Modul03_Functions", "Modul03_Functions\Modul03_Functions.csproj", "{E71FB72B-D140-4255-920A-8520CCCBF199}"
EndProject
Project("{FAE04EC0-301F-11D3-BF4B-00C04F79EFBC}") = "Modul04_Lib", "Modul04_Lib\Modul04_Lib.csproj", "{D425CFE5-C8BB-4EE0-8C11-582E0366FA47}"
EndProject
Project("{FAE04EC0-301F-11D3-BF4B-00C04F79EFBC}") = "Modul04_Class", "Modul04_Class\Modul04_Class.csproj", "{71FD89B2-E17C-4E34-9406-C64CD44C9BB0}"
EndProject
Project("{FAE04EC0-301F-11D3-BF4B-00C04F79EFBC}") = "Modul04_Virtual_Geometry", "Modul04_Virtual_Geometry\Modul04_Virtual_Geometry.csproj", "{9A7397DA-68A4-4BE5-9C33-983FA5D62BB7}"
EndProject
Project("{FAE04EC0-301F-11D3-BF4B-00C04F79EFBC}") = "Modul04_Polymorphie", "Modul04_Polymorphie\Modul04_Polymorphie.csproj", "{FD5FC3A0-F8F3-4B36-976C-6977BF7DE869}"
EndProject
Project("{FAE04EC0-301F-11D3-BF4B-00C04F79EFBC}") = "Modul04_Wiederholungen", "Modul04_Wiederholungen\Modul04_Wiederholungen.csproj", "{15512ECC-7799-49D0-ADBE-9BE098772C45}"
EndProject
Project("{FAE04EC0-301F-11D3-BF4B-00C04F79EFBC}") = "Modul04_Abstract_Sample", "Modul04_Abstract_Sample\Modul04_Abstract_Sample.csproj", "{4254CD1F-B0C2-4318-AD6F-D412DC1D6A12}"
EndProject
Project("{FAE04EC0-301F-11D3-BF4B-00C04F79EFBC}") = "Modul_Generic", "Modul_Generic\Modul_Generic.csproj", "{60C861E5-C358-4BBC-B156-6446FA4664A2}"
EndProject
Project("{FAE04EC0-301F-11D3-BF4B-00C04F79EFBC}") = "DVDScreensaver", "DVDScreensaver\DVDScreensaver.csproj", "{BDC64927-CA0F-4884-8E12-5E14037D6673}"
EndProject
Project("{FAE04EC0-301F-11D3-BF4B-00C04F79EFBC}") = "BookSearch", "BookSearch\BookSearch\BookSearch.csproj", "{22BC633F-3908-4746-BCFD-23042225C2E3}"
EndProject
Project("{FAE04EC0-301F-11D3-BF4B-00C04F79EFBC}") = "Modul08_ExceptionHandling", "Modul08_ExceptionHandling\Modul08_ExceptionHandling.csproj", "{41487AA1-5EDE-4DF0-9CA5-92097FBED78E}"
EndProject
Project("{FAE04EC0-301F-11D3-BF4B-00C04F79EFBC}") = "FahrzeugParkUI", "FahrzeugParkUI\FahrzeugParkUI.csproj", "{A68E2ABD-95DF-4D6E-84C6-9797789F3B9E}"
EndProject
Project("{FAE04EC0-301F-11D3-BF4B-00C04F79EFBC}") = "FahrzeugParkUI.Lib", "FahrzeugParkUI.Lib\FahrzeugParkUI.Lib.csproj", "{537E1B43-A661-4CFE-B732-D4CB2643EF9A}"
EndProject
Project("{FAE04EC0-301F-11D3-BF4B-00C04F79EFBC}") = "Extention_ADONET_Sample", "Extention_ADONET_Sample\Extention_ADONET_Sample.csproj", "{F35AEFF6-C92C-4686-BF7C-A098788C734D}"
EndProject
Project("{FAE04EC0-301F-11D3-BF4B-00C04F79EFBC}") = "EntityFrameworkSample", "EntityFrameworkSample\EntityFrameworkSample.csproj", "{C1056ADE-8F04-426E-8F2D-D3001DC6902D}"
EndProject
Global
	GlobalSection(SolutionConfigurationPlatforms) = preSolution
		Debug|Any CPU = Debug|Any CPU
		Release|Any CPU = Release|Any CPU
	EndGlobalSection
	GlobalSection(ProjectConfigurationPlatforms) = postSolution
		{714E24B9-C38C-49E7-B2F0-104DAC80FBEF}.Debug|Any CPU.ActiveCfg = Debug|Any CPU
		{714E24B9-C38C-49E7-B2F0-104DAC80FBEF}.Debug|Any CPU.Build.0 = Debug|Any CPU
		{714E24B9-C38C-49E7-B2F0-104DAC80FBEF}.Release|Any CPU.ActiveCfg = Release|Any CPU
		{714E24B9-C38C-49E7-B2F0-104DAC80FBEF}.Release|Any CPU.Build.0 = Release|Any CPU
		{92C481CE-5660-4ED2-92F6-D68138FC63A0}.Debug|Any CPU.ActiveCfg = Debug|Any CPU
		{92C481CE-5660-4ED2-92F6-D68138FC63A0}.Debug|Any CPU.Build.0 = Debug|Any CPU
		{92C481CE-5660-4ED2-92F6-D68138FC63A0}.Release|Any CPU.ActiveCfg = Release|Any CPU
		{92C481CE-5660-4ED2-92F6-D68138FC63A0}.Release|Any CPU.Build.0 = Release|Any CPU
		{EF3B125C-889B-48A9-855E-C2FDA107C417}.Debug|Any CPU.ActiveCfg = Debug|Any CPU
		{EF3B125C-889B-48A9-855E-C2FDA107C417}.Debug|Any CPU.Build.0 = Debug|Any CPU
		{EF3B125C-889B-48A9-855E-C2FDA107C417}.Release|Any CPU.ActiveCfg = Release|Any CPU
		{EF3B125C-889B-48A9-855E-C2FDA107C417}.Release|Any CPU.Build.0 = Release|Any CPU
		{E71FB72B-D140-4255-920A-8520CCCBF199}.Debug|Any CPU.ActiveCfg = Debug|Any CPU
		{E71FB72B-D140-4255-920A-8520CCCBF199}.Debug|Any CPU.Build.0 = Debug|Any CPU
		{E71FB72B-D140-4255-920A-8520CCCBF199}.Release|Any CPU.ActiveCfg = Release|Any CPU
		{E71FB72B-D140-4255-920A-8520CCCBF199}.Release|Any CPU.Build.0 = Release|Any CPU
		{D425CFE5-C8BB-4EE0-8C11-582E0366FA47}.Debug|Any CPU.ActiveCfg = Debug|Any CPU
		{D425CFE5-C8BB-4EE0-8C11-582E0366FA47}.Debug|Any CPU.Build.0 = Debug|Any CPU
		{D425CFE5-C8BB-4EE0-8C11-582E0366FA47}.Release|Any CPU.ActiveCfg = Release|Any CPU
		{D425CFE5-C8BB-4EE0-8C11-582E0366FA47}.Release|Any CPU.Build.0 = Release|Any CPU
		{71FD89B2-E17C-4E34-9406-C64CD44C9BB0}.Debug|Any CPU.ActiveCfg = Debug|Any CPU
		{71FD89B2-E17C-4E34-9406-C64CD44C9BB0}.Debug|Any CPU.Build.0 = Debug|Any CPU
		{71FD89B2-E17C-4E34-9406-C64CD44C9BB0}.Release|Any CPU.ActiveCfg = Release|Any CPU
		{71FD89B2-E17C-4E34-9406-C64CD44C9BB0}.Release|Any CPU.Build.0 = Release|Any CPU
		{9A7397DA-68A4-4BE5-9C33-983FA5D62BB7}.Debug|Any CPU.ActiveCfg = Debug|Any CPU
		{9A7397DA-68A4-4BE5-9C33-983FA5D62BB7}.Debug|Any CPU.Build.0 = Debug|Any CPU
		{9A7397DA-68A4-4BE5-9C33-983FA5D62BB7}.Release|Any CPU.ActiveCfg = Release|Any CPU
		{9A7397DA-68A4-4BE5-9C33-983FA5D62BB7}.Release|Any CPU.Build.0 = Release|Any CPU
		{FD5FC3A0-F8F3-4B36-976C-6977BF7DE869}.Debug|Any CPU.ActiveCfg = Debug|Any CPU
		{FD5FC3A0-F8F3-4B36-976C-6977BF7DE869}.Debug|Any CPU.Build.0 = Debug|Any CPU
		{FD5FC3A0-F8F3-4B36-976C-6977BF7DE869}.Release|Any CPU.ActiveCfg = Release|Any CPU
		{FD5FC3A0-F8F3-4B36-976C-6977BF7DE869}.Release|Any CPU.Build.0 = Release|Any CPU
		{15512ECC-7799-49D0-ADBE-9BE098772C45}.Debug|Any CPU.ActiveCfg = Debug|Any CPU
		{15512ECC-7799-49D0-ADBE-9BE098772C45}.Debug|Any CPU.Build.0 = Debug|Any CPU
		{15512ECC-7799-49D0-ADBE-9BE098772C45}.Release|Any CPU.ActiveCfg = Release|Any CPU
		{15512ECC-7799-49D0-ADBE-9BE098772C45}.Release|Any CPU.Build.0 = Release|Any CPU
		{4254CD1F-B0C2-4318-AD6F-D412DC1D6A12}.Debug|Any CPU.ActiveCfg = Debug|Any CPU
		{4254CD1F-B0C2-4318-AD6F-D412DC1D6A12}.Debug|Any CPU.Build.0 = Debug|Any CPU
		{4254CD1F-B0C2-4318-AD6F-D412DC1D6A12}.Release|Any CPU.ActiveCfg = Release|Any CPU
		{4254CD1F-B0C2-4318-AD6F-D412DC1D6A12}.Release|Any CPU.Build.0 = Release|Any CPU
		{60C861E5-C358-4BBC-B156-6446FA4664A2}.Debug|Any CPU.ActiveCfg = Debug|Any CPU
		{60C861E5-C358-4BBC-B156-6446FA4664A2}.Debug|Any CPU.Build.0 = Debug|Any CPU
		{60C861E5-C358-4BBC-B156-6446FA4664A2}.Release|Any CPU.ActiveCfg = Release|Any CPU
		{60C861E5-C358-4BBC-B156-6446FA4664A2}.Release|Any CPU.Build.0 = Release|Any CPU
		{BDC64927-CA0F-4884-8E12-5E14037D6673}.Debug|Any CPU.ActiveCfg = Debug|Any CPU
		{BDC64927-CA0F-4884-8E12-5E14037D6673}.Debug|Any CPU.Build.0 = Debug|Any CPU
		{BDC64927-CA0F-4884-8E12-5E14037D6673}.Release|Any CPU.ActiveCfg = Release|Any CPU
		{BDC64927-CA0F-4884-8E12-5E14037D6673}.Release|Any CPU.Build.0 = Release|Any CPU
		{22BC633F-3908-4746-BCFD-23042225C2E3}.Debug|Any CPU.ActiveCfg = Debug|Any CPU
		{22BC633F-3908-4746-BCFD-23042225C2E3}.Debug|Any CPU.Build.0 = Debug|Any CPU
		{22BC633F-3908-4746-BCFD-23042225C2E3}.Release|Any CPU.ActiveCfg = Release|Any CPU
		{22BC633F-3908-4746-BCFD-23042225C2E3}.Release|Any CPU.Build.0 = Release|Any CPU
		{41487AA1-5EDE-4DF0-9CA5-92097FBED78E}.Debug|Any CPU.ActiveCfg = Debug|Any CPU
		{41487AA1-5EDE-4DF0-9CA5-92097FBED78E}.Debug|Any CPU.Build.0 = Debug|Any CPU
		{41487AA1-5EDE-4DF0-9CA5-92097FBED78E}.Release|Any CPU.ActiveCfg = Release|Any CPU
		{41487AA1-5EDE-4DF0-9CA5-92097FBED78E}.Release|Any CPU.Build.0 = Release|Any CPU
		{A68E2ABD-95DF-4D6E-84C6-9797789F3B9E}.Debug|Any CPU.ActiveCfg = Debug|Any CPU
		{A68E2ABD-95DF-4D6E-84C6-9797789F3B9E}.Debug|Any CPU.Build.0 = Debug|Any CPU
		{A68E2ABD-95DF-4D6E-84C6-9797789F3B9E}.Release|Any CPU.ActiveCfg = Release|Any CPU
		{A68E2ABD-95DF-4D6E-84C6-9797789F3B9E}.Release|Any CPU.Build.0 = Release|Any CPU
		{537E1B43-A661-4CFE-B732-D4CB2643EF9A}.Debug|Any CPU.ActiveCfg = Debug|Any CPU
		{537E1B43-A661-4CFE-B732-D4CB2643EF9A}.Debug|Any CPU.Build.0 = Debug|Any CPU
		{537E1B43-A661-4CFE-B732-D4CB2643EF9A}.Release|Any CPU.ActiveCfg = Release|Any CPU
		{537E1B43-A661-4CFE-B732-D4CB2643EF9A}.Release|Any CPU.Build.0 = Release|Any CPU
		{F35AEFF6-C92C-4686-BF7C-A098788C734D}.Debug|Any CPU.ActiveCfg = Debug|Any CPU
		{F35AEFF6-C92C-4686-BF7C-A098788C734D}.Debug|Any CPU.Build.0 = Debug|Any CPU
		{F35AEFF6-C92C-4686-BF7C-A098788C734D}.Release|Any CPU.ActiveCfg = Release|Any CPU
		{F35AEFF6-C92C-4686-BF7C-A098788C734D}.Release|Any CPU.Build.0 = Release|Any CPU
		{C1056ADE-8F04-426E-8F2D-D3001DC6902D}.Debug|Any CPU.ActiveCfg = Debug|Any CPU
		{C1056ADE-8F04-426E-8F2D-D3001DC6902D}.Debug|Any CPU.Build.0 = Debug|Any CPU
		{C1056ADE-8F04-426E-8F2D-D3001DC6902D}.Release|Any CPU.ActiveCfg = Release|Any CPU
		{C1056ADE-8F04-426E-8F2D-D3001DC6902D}.Release|Any CPU.Build.0 = Release|Any CPU
	EndGlobalSection
	GlobalSection(SolutionProperties) = preSolution
		HideSolutionNode = FALSE
	EndGlobalSection
	GlobalSection(ExtensibilityGlobals) = postSolution
		SolutionGuid = {0B5897AB-C96F-4509-8EB2-2154752D3750}
	EndGlobalSection
EndGlobal
