
Microsoft Visual Studio Solution File, Format Version 12.00
# Visual Studio Version 16
VisualStudioVersion = 16.0.29806.167
MinimumVisualStudioVersion = 10.0.40219.1
Project("{FAE04EC0-301F-11D3-BF4B-00C04F79EFBC}") = "Modul01", "Modul01\Modul01.csproj", "{714E24B9-C38C-49E7-B2F0-104DAC80FBEF}"
EndProject
Project("{FAE04EC0-301F-11D3-BF4B-00C04F79EFBC}") = "Modul02_Kontrollstrukturen", "Modul02_Kontrollstrukturen\Modul02_Kontrollstrukturen.csproj", "{92C481CE-5660-4ED2-92F6-D68138FC63A0}"
EndProject
Project("{FAE04EC0-301F-11D3-BF4B-00C04F79EFBC}") = "Modul03_Enumeratoren", "Modul03_Enumeratoren\Modul03_Enumeratoren.csproj", "{EF3B125C-889B-48A9-855E-C2FDA107C417}"
EndProject
Project("{FAE04EC0-301F-11D3-BF4B-00C04F79EFBC}") = "Modul03_Functions", "Modul03_Functions\Modul03_Functions.csproj", "{E71FB72B-D140-4255-920A-8520CCCBF199}"
EndProject
Project("{FAE04EC0-301F-11D3-BF4B-00C04F79EFBC}") = "Modul04_Lib", "Modul04_Lib\Modul04_Lib.csproj", "{D425CFE5-C8BB-4EE0-8C11-582E0366FA47}"
EndProject
Project("{FAE04EC0-301F-11D3-BF4B-00C04F79EFBC}") = "Modul04_Class", "Modul04_Class\Modul04_Class.csproj", "{71FD89B2-E17C-4E34-9406-C64CD44C9BB0}"
EndProject
Project("{FAE04EC0-301F-11D3-BF4B-00C04F79EFBC}") = "Modul04_Virtual_Geometry", "Modul04_Virtual_Geometry\Modul04_Virtual_Geometry.csproj", "{9A7397DA-68A4-4BE5-9C33-983FA5D62BB7}"
EndProject
Project("{FAE04EC0-301F-11D3-BF4B-00C04F79EFBC}") = "Modul04_Polymorphie", "Modul04_Polymorphie\Modul04_Polymorphie.csproj", "{FD5FC3A0-F8F3-4B36-976C-6977BF7DE869}"
EndProject
Global
	GlobalSection(SolutionConfigurationPlatforms) = preSolution
		Debug|Any CPU = Debug|Any CPU
		Release|Any CPU = Release|Any CPU
	EndGlobalSection
	GlobalSection(ProjectConfigurationPlatforms) = postSolution
		{714E24B9-C38C-49E7-B2F0-104DAC80FBEF}.Debug|Any CPU.ActiveCfg = Debug|Any CPU
		{714E24B9-C38C-49E7-B2F0-104DAC80FBEF}.Debug|Any CPU.Build.0 = Debug|Any CPU
		{714E24B9-C38C-49E7-B2F0-104DAC80FBEF}.Release|Any CPU.ActiveCfg = Release|Any CPU
		{714E24B9-C38C-49E7-B2F0-104DAC80FBEF}.Release|Any CPU.Build.0 = Release|Any CPU
		{92C481CE-5660-4ED2-92F6-D68138FC63A0}.Debug|Any CPU.ActiveCfg = Debug|Any CPU
		{92C481CE-5660-4ED2-92F6-D68138FC63A0}.Debug|Any CPU.Build.0 = Debug|Any CPU
		{92C481CE-5660-4ED2-92F6-D68138FC63A0}.Release|Any CPU.ActiveCfg = Release|Any CPU
		{92C481CE-5660-4ED2-92F6-D68138FC63A0}.Release|Any CPU.Build.0 = Release|Any CPU
		{EF3B125C-889B-48A9-855E-C2FDA107C417}.Debug|Any CPU.ActiveCfg = Debug|Any CPU
		{EF3B125C-889B-48A9-855E-C2FDA107C417}.Debug|Any CPU.Build.0 = Debug|Any CPU
		{EF3B125C-889B-48A9-855E-C2FDA107C417}.Release|Any CPU.ActiveCfg = Release|Any CPU
		{EF3B125C-889B-48A9-855E-C2FDA107C417}.Release|Any CPU.Build.0 = Release|Any CPU
		{E71FB72B-D140-4255-920A-8520CCCBF199}.Debug|Any CPU.ActiveCfg = Debug|Any CPU
		{E71FB72B-D140-4255-920A-8520CCCBF199}.Debug|Any CPU.Build.0 = Debug|Any CPU
		{E71FB72B-D140-4255-920A-8520CCCBF199}.Release|Any CPU.ActiveCfg = Release|Any CPU
		{E71FB72B-D140-4255-920A-8520CCCBF199}.Release|Any CPU.Build.0 = Release|Any CPU
		{D425CFE5-C8BB-4EE0-8C11-582E0366FA47}.Debug|Any CPU.ActiveCfg = Debug|Any CPU
		{D425CFE5-C8BB-4EE0-8C11-582E0366FA47}.Debug|Any CPU.Build.0 = Debug|Any CPU
		{D425CFE5-C8BB-4EE0-8C11-582E0366FA47}.Release|Any CPU.ActiveCfg = Release|Any CPU
		{D425CFE5-C8BB-4EE0-8C11-582E0366FA47}.Release|Any CPU.Build.0 = Release|Any CPU
		{71FD89B2-E17C-4E34-9406-C64CD44C9BB0}.Debug|Any CPU.ActiveCfg = Debug|Any CPU
		{71FD89B2-E17C-4E34-9406-C64CD44C9BB0}.Debug|Any CPU.Build.0 = Debug|Any CPU
		{71FD89B2-E17C-4E34-9406-C64CD44C9BB0}.Release|Any CPU.ActiveCfg = Release|Any CPU
		{71FD89B2-E17C-4E34-9406-C64CD44C9BB0}.Release|Any CPU.Build.0 = Release|Any CPU
		{9A7397DA-68A4-4BE5-9C33-983FA5D62BB7}.Debug|Any CPU.ActiveCfg = Debug|Any CPU
		{9A7397DA-68A4-4BE5-9C33-983FA5D62BB7}.Debug|Any CPU.Build.0 = Debug|Any CPU
		{9A7397DA-68A4-4BE5-9C33-983FA5D62BB7}.Release|Any CPU.ActiveCfg = Release|Any CPU
		{9A7397DA-68A4-4BE5-9C33-983FA5D62BB7}.Release|Any CPU.Build.0 = Release|Any CPU
		{FD5FC3A0-F8F3-4B36-976C-6977BF7DE869}.Debug|Any CPU.ActiveCfg = Debug|Any CPU
		{FD5FC3A0-F8F3-4B36-976C-6977BF7DE869}.Debug|Any CPU.Build.0 = Debug|Any CPU
		{FD5FC3A0-F8F3-4B36-976C-6977BF7DE869}.Release|Any CPU.ActiveCfg = Release|Any CPU
		{FD5FC3A0-F8F3-4B36-976C-6977BF7DE869}.Release|Any CPU.Build.0 = Release|Any CPU
	EndGlobalSection
	GlobalSection(SolutionProperties) = preSolution
		HideSolutionNode = FALSE
	EndGlobalSection
	GlobalSection(ExtensibilityGlobals) = postSolution
		SolutionGuid = {0B5897AB-C96F-4509-8EB2-2154752D3750}
	EndGlobalSection
EndGlobal
